{
  "version": "3",
  "packages": {
    "specifiers": {
      "npm:@cardano-ogmios/client": "npm:@cardano-ogmios/client@6.4.0_ws@7.5.9"
    },
    "npm": {
      "@cardano-ogmios/client@6.4.0_ws@7.5.9": {
        "integrity": "sha512-LClVy5G3/faEOetA+IGYdNhWI/AKiZ10giSnRUVHZpwCQMDxXDYn8EpBrZKE6MzVv+/Ee+Y+9mVqMah4WtZ8FQ==",
        "dependencies": {
          "@cardano-ogmios/schema": "@cardano-ogmios/schema@6.4.0",
          "@cardanosolutions/json-bigint": "@cardanosolutions/json-bigint@1.0.1",
          "@types/json-bigint": "@types/json-bigint@1.0.4",
          "bech32": "bech32@2.0.0",
          "cross-fetch": "cross-fetch@3.1.8",
          "fastq": "fastq@1.17.1",
          "isomorphic-ws": "isomorphic-ws@4.0.1_ws@7.5.9",
          "nanoid": "nanoid@3.3.7",
          "ts-custom-error": "ts-custom-error@3.3.1",
          "ws": "ws@7.5.9"
        }
      },
      "@cardano-ogmios/schema@6.4.0": {
        "integrity": "sha512-l4qQJtdnyvkBadOuTR3B449txpc4W7gO/3aVYtI1IK1Num4FI2kNFfIj/zJ0V3a3JGg1jaFvN8A9SWPaNPqOSg==",
        "dependencies": {}
      },
      "@cardanosolutions/json-bigint@1.0.1": {
        "integrity": "sha512-mbYL6jtHqMFCZnTFhmkmoeDzHMBino0gMiGQnOJE7CwzZzkK2HCpH0MTBk+84QDadMEGX7iFt7uB+levm1a+bQ==",
        "dependencies": {
          "bignumber.js": "bignumber.js@9.1.2"
        }
      },
      "@types/json-bigint@1.0.4": {
        "integrity": "sha512-ydHooXLbOmxBbubnA7Eh+RpBzuaIiQjh8WGJYQB50JFGFrdxW7JzVlyEV7fAXw0T2sqJ1ysTneJbiyNLqZRAag==",
        "dependencies": {}
      },
      "bech32@2.0.0": {
        "integrity": "sha512-LcknSilhIGatDAsY1ak2I8VtGaHNhgMSYVxFrGLXv+xLHytaKZKcaUJJUE7qmBr7h33o5YQwP55pMI0xmkpJwg==",
        "dependencies": {}
      },
      "bignumber.js@9.1.2": {
        "integrity": "sha512-2/mKyZH9K85bzOEfhXDBFZTGd1CTs+5IHpeFQo9luiBG7hghdC851Pj2WAhb6E3R6b9tZj/XKhbg4fum+Kepug==",
        "dependencies": {}
      },
      "cross-fetch@3.1.8": {
        "integrity": "sha512-cvA+JwZoU0Xq+h6WkMvAUqPEYy92Obet6UdKLfW60qn99ftItKjB5T+BkyWOFWe2pUyfQ+IJHmpOTznqk1M6Kg==",
        "dependencies": {
          "node-fetch": "node-fetch@2.7.0"
        }
      },
      "fastq@1.17.1": {
        "integrity": "sha512-sRVD3lWVIXWg6By68ZN7vho9a1pQcN/WBFaAAsDDFzlJjvoGx0P8z7V1t72grFJfJhu3YPZBuu25f7Kaw2jN1w==",
        "dependencies": {
          "reusify": "reusify@1.0.4"
        }
      },
      "isomorphic-ws@4.0.1_ws@7.5.9": {
        "integrity": "sha512-BhBvN2MBpWTaSHdWRb/bwdZJ1WaehQ2L1KngkCkfLUGF0mAWAT1sQUQacEmQ0jXkFw/czDXPNQSL5u2/Krsz1w==",
        "dependencies": {
          "ws": "ws@7.5.9"
        }
      },
      "nanoid@3.3.7": {
        "integrity": "sha512-eSRppjcPIatRIMC1U6UngP8XFcz8MQWGQdt1MTBQ7NaAmvXDfvNxbvWV3x2y6CdEUciCSsDHDQZbhYaB8QEo2g==",
        "dependencies": {}
      },
      "node-fetch@2.7.0": {
        "integrity": "sha512-c4FRfUm/dbcWZ7U+1Wq0AwCyFL+3nt2bEw05wfxSz+DWpWsitgmSgYmy2dQdWyKC1694ELPqMs/YzUSNozLt8A==",
        "dependencies": {
          "whatwg-url": "whatwg-url@5.0.0"
        }
      },
      "reusify@1.0.4": {
        "integrity": "sha512-U9nH88a3fc/ekCF1l0/UP1IosiuIjyTh7hBvXVMHYgVcfGvt897Xguj2UOLDeI5BG2m7/uwyaLVT6fbtCwTyzw==",
        "dependencies": {}
      },
      "tr46@0.0.3": {
        "integrity": "sha512-N3WMsuqV66lT30CrXNbEjx4GEwlow3v6rr4mCcv6prnfwhS01rkgyFdjPNBYd9br7LpXV1+Emh01fHnq2Gdgrw==",
        "dependencies": {}
      },
      "ts-custom-error@3.3.1": {
        "integrity": "sha512-5OX1tzOjxWEgsr/YEUWSuPrQ00deKLh6D7OTWcvNHm12/7QPyRh8SYpyWvA4IZv8H/+GQWQEh/kwo95Q9OVW1A==",
        "dependencies": {}
      },
      "webidl-conversions@3.0.1": {
        "integrity": "sha512-2JAn3z8AR6rjK8Sm8orRC0h/bcl/DqL7tRPdGZ4I1CjdF+EaMLmYxBHyXuKL849eucPFhvBoxMsflfOb8kxaeQ==",
        "dependencies": {}
      },
      "whatwg-url@5.0.0": {
        "integrity": "sha512-saE57nupxk6v3HY35+jzBwYa0rKSy0XR8JSxZPwgLr7ys0IBzhGviA1/TUGJLmSVqs8pb9AnvICXEuOHLprYTw==",
        "dependencies": {
          "tr46": "tr46@0.0.3",
          "webidl-conversions": "webidl-conversions@3.0.1"
        }
      },
      "ws@7.5.9": {
        "integrity": "sha512-F+P9Jil7UiSKSkppIiD94dN07AwvFixvLIj1Og1Rl9GGMuNipJnV9JzjD6XuqmAeiswGvUmNLjr5cFuXwNS77Q==",
        "dependencies": {}
      }
    }
  },
  "remote": {
    "https://deno.land/std@0.100.0/encoding/hex.ts": "f952e0727bddb3b2fd2e6889d104eacbd62e92091f540ebd6459317a61932d9b",
    "https://deno.land/std@0.119.0/_util/assert.ts": "2f868145a042a11d5ad0a3c748dcf580add8a0dbc0e876eaa0026303a5488f58",
    "https://deno.land/std@0.119.0/flags/mod.ts": "5bd80147c97e481efcc4c041096c6c1a1393248e2849ccd571269d62c2634cbe",
    "https://deno.land/std@0.148.0/bytes/equals.ts": "3c3558c3ae85526f84510aa2b48ab2ad7bdd899e2e0f5b7a8ffc85acb3a6043a",
    "https://deno.land/std@0.148.0/bytes/mod.ts": "763f97d33051cc3f28af1a688dfe2830841192a9fea0cbaa55f927b49d49d0bf",
    "https://deno.land/std@0.153.0/hash/sha256.ts": "aa9479c260f41b72c639f36c3e4bc9319940b5d2e52fe793ebe3dc646d12832f",
    "https://deno.land/std@0.167.0/_util/asserts.ts": "d0844e9b62510f89ce1f9878b046f6a57bf88f208a10304aab50efcb48365272",
    "https://deno.land/std@0.167.0/_util/os.ts": "8a33345f74990e627b9dfe2de9b040004b08ea5146c7c9e8fe9a29070d193934",
    "https://deno.land/std@0.167.0/path/_constants.ts": "df1db3ffa6dd6d1252cc9617e5d72165cd2483df90e93833e13580687b6083c3",
    "https://deno.land/std@0.167.0/path/_interface.ts": "ee3b431a336b80cf445441109d089b70d87d5e248f4f90ff906820889ecf8d09",
    "https://deno.land/std@0.167.0/path/_util.ts": "d16be2a16e1204b65f9d0dfc54a9bc472cafe5f4a190b3c8471ec2016ccd1677",
    "https://deno.land/std@0.167.0/path/common.ts": "bee563630abd2d97f99d83c96c2fa0cca7cee103e8cb4e7699ec4d5db7bd2633",
    "https://deno.land/std@0.167.0/path/glob.ts": "81cc6c72be002cd546c7a22d1f263f82f63f37fe0035d9726aa96fc8f6e4afa1",
    "https://deno.land/std@0.167.0/path/mod.ts": "cf7cec7ac11b7048bb66af8ae03513e66595c279c65cfa12bfc07d9599608b78",
    "https://deno.land/std@0.167.0/path/posix.ts": "b859684bc4d80edfd4cad0a82371b50c716330bed51143d6dcdbe59e6278b30c",
    "https://deno.land/std@0.167.0/path/separator.ts": "fe1816cb765a8068afb3e8f13ad272351c85cbc739af56dacfc7d93d710fe0f9",
    "https://deno.land/std@0.167.0/path/win32.ts": "7cebd2bda6657371adc00061a1d23fdd87bcdf64b4843bb148b0b24c11b40f69",
    "https://deno.land/x/lucid@0.10.6/mod.ts": "9473507398048cb24dbb37b3a220777106c69c28d573898648deb2bb84a7e131",
    "https://deno.land/x/lucid@0.10.6/package.json": "739a8bc3ba0d4f2cc6ff39b27899802f9157f4358a0c9ccb5d2da026549576ee",
    "https://deno.land/x/lucid@0.10.6/src/core/core.ts": "5b2f6d4746933a425bfcb134a55b84c946bc2ddd98b795aa9189f345778b113c",
    "https://deno.land/x/lucid@0.10.6/src/core/libs/cardano_message_signing/cardano_message_signing.generated.js": "d0cb6184a62328e4448c4b5b3cb8f928d483d88fd590ce94e3b4bbc688642634",
    "https://deno.land/x/lucid@0.10.6/src/core/libs/cardano_multiplatform_lib/cardano_multiplatform_lib.generated.js": "ccb6cebbff590c4a40540484c630d162a1806b506183a0240723bf51d3bc205a",
    "https://deno.land/x/lucid@0.10.6/src/core/mod.ts": "978b94101791fdad3113e5a9fa3813b1f48a8e505f68da14bcad72668b294926",
    "https://deno.land/x/lucid@0.10.6/src/lucid/lucid.ts": "80f06b1965074a6c3504d509df676f2508d49cc0a8050dee1b1f8ea804fb565a",
    "https://deno.land/x/lucid@0.10.6/src/lucid/message.ts": "b16bb7c06cbc81c777ac116d95db32959af42bc093ebe86b65f2dbc28b75f9b2",
    "https://deno.land/x/lucid@0.10.6/src/lucid/mod.ts": "94bfe48ee683e932a67347786a1253a2e7277e53b1dc192d045d70bc5ce9bc10",
    "https://deno.land/x/lucid@0.10.6/src/lucid/tx.ts": "4da65b89368b057e5582c35a15535114fdabea2d837a4287da21db0e47364cf1",
    "https://deno.land/x/lucid@0.10.6/src/lucid/tx_complete.ts": "a687e19df52072fe239af33081cfddf2fba40011324ff86f3352042940a65362",
    "https://deno.land/x/lucid@0.10.6/src/lucid/tx_signed.ts": "58edce3295e5fa14977120d887b43796ebd40893caaf012d441a8b56909c8ae1",
    "https://deno.land/x/lucid@0.10.6/src/misc/bip39.ts": "7dc0f49f96d43a254a048a956cac31ef8c8045f69f3b8dbc5350bc6c601441eb",
    "https://deno.land/x/lucid@0.10.6/src/misc/crc8.ts": "c9abda52851d5c575f6a8714c3600d2e63bb8cfc942e035486b1ab03b780e2f9",
    "https://deno.land/x/lucid@0.10.6/src/misc/sign_data.ts": "6f5066d19455ade77615b5cbbf5dd9947ea691a7b764f96c81ba911cc84183e5",
    "https://deno.land/x/lucid@0.10.6/src/misc/wallet.ts": "7a8d63c234f0741dc49d3134554b7c455e24f4692ba42a3843aad7e37bcc7d2b",
    "https://deno.land/x/lucid@0.10.6/src/mod.ts": "f4156883dc0dc394e9fd9e9e7222537a61ff8b2781a88761d7bcb65123a16bcf",
    "https://deno.land/x/lucid@0.10.6/src/plutus/data.ts": "b6eb205124e6f340f47dd789d94d91146b2bf038c6a76b57ede12874b60d5920",
    "https://deno.land/x/lucid@0.10.6/src/plutus/mod.ts": "3a7f784e950348d447cd6bcb27546b20902fae167e04fd42e67bfad57216e1a7",
    "https://deno.land/x/lucid@0.10.6/src/plutus/time.ts": "f142f03f897a6e57625e8c0752bb73397818090871f3cff123ec64311590b6f9",
    "https://deno.land/x/lucid@0.10.6/src/provider/blockfrost.ts": "7cd49ed72464f3faf3c4bc93b54a1c30dbe0f34035b3c5e844adfdeb3ca74e32",
    "https://deno.land/x/lucid@0.10.6/src/provider/emulator.ts": "066892a5dfbe27bde86d449650913da18da8025bd618c7cfed0a6fc16e07bb29",
    "https://deno.land/x/lucid@0.10.6/src/provider/kupmios.ts": "e15178e252d5a87b6c6123e51c3dc426ec7ebe02bac920dea26213f62eabcbd0",
    "https://deno.land/x/lucid@0.10.6/src/provider/maestro.ts": "39ea924ebb888786de8385171b4ea9442a149e0c541a3f3517f685c98fc5874a",
    "https://deno.land/x/lucid@0.10.6/src/provider/mod.ts": "76b36094551556045e851fe0ba6012626e1a08c03dec62a21b69d22311266379",
    "https://deno.land/x/lucid@0.10.6/src/types/global.ts": "3ea23ebcf9af819a01cbcf682856df2b178929ffec362113d24eb4a80a966ac3",
    "https://deno.land/x/lucid@0.10.6/src/types/mod.ts": "2e6e4ffd7077025d1b45af726756455fc9c915666dd7f23a041be058039b49c6",
    "https://deno.land/x/lucid@0.10.6/src/types/types.ts": "ce4c62d4804a76f1107d44be5f1875dc4910661e8daacd92fafab9aa125d4bf9",
    "https://deno.land/x/lucid@0.10.6/src/utils/cost_model.ts": "f04e4d393062b0057f703e37ddcb1aa9fe378b589134c679688f9786235a25ee",
    "https://deno.land/x/lucid@0.10.6/src/utils/merkle_tree.ts": "af39a9167eb8b083a19a980916c95ab40332e959ef20bc43fdfef69eef08e594",
    "https://deno.land/x/lucid@0.10.6/src/utils/mod.ts": "7e405bfa0db96d9e995e67fb77251e8465843addf141caf4ce64b3efa6077822",
    "https://deno.land/x/lucid@0.10.6/src/utils/utils.ts": "9cd004e29e319750a3b522e4b2dfcc0bdfdbf3c346a1f17e0a640e79f3141ad9",
    "https://deno.land/x/lucid@0.10.9/mod.ts": "9473507398048cb24dbb37b3a220777106c69c28d573898648deb2bb84a7e131",
    "https://deno.land/x/lucid@0.10.9/package.json": "33b04e79d7da510e19c8b30228d9719aa32e8a2647d8e1adacc945b5a92edbb6",
    "https://deno.land/x/lucid@0.10.9/src/core/core.ts": "7567a72bb4aad70a3efe288b4f6e62623019c214ac6d1e17a65c274b7ea500cc",
    "https://deno.land/x/lucid@0.10.9/src/core/libs/cardano_message_signing/cardano_message_signing.generated.js": "c65e17fd7a08abf6c9d76fb02bf90163b00a2af2d0eb3c701530f405ba95c8c4",
    "https://deno.land/x/lucid@0.10.9/src/core/libs/cardano_multiplatform_lib/cardano_multiplatform_lib.generated.js": "66f6ec0a9e7e3abd75e71d1d61df49fde63a363e5d63b3268a4915600839ca47",
    "https://deno.land/x/lucid@0.10.9/src/core/mod.ts": "978b94101791fdad3113e5a9fa3813b1f48a8e505f68da14bcad72668b294926",
    "https://deno.land/x/lucid@0.10.9/src/lucid/lucid.ts": "47b7226b738a13f2842f517bb77da243596d28e8613472ba2c6d9f30399b1264",
    "https://deno.land/x/lucid@0.10.9/src/lucid/message.ts": "b16bb7c06cbc81c777ac116d95db32959af42bc093ebe86b65f2dbc28b75f9b2",
    "https://deno.land/x/lucid@0.10.9/src/lucid/mod.ts": "94bfe48ee683e932a67347786a1253a2e7277e53b1dc192d045d70bc5ce9bc10",
    "https://deno.land/x/lucid@0.10.9/src/lucid/tx.ts": "5833f0cb10bcd83439e7caff03c20296b8e646ce1d3797e9db56f3fdcfe33e19",
    "https://deno.land/x/lucid@0.10.9/src/lucid/tx_complete.ts": "a687e19df52072fe239af33081cfddf2fba40011324ff86f3352042940a65362",
    "https://deno.land/x/lucid@0.10.9/src/lucid/tx_signed.ts": "58edce3295e5fa14977120d887b43796ebd40893caaf012d441a8b56909c8ae1",
    "https://deno.land/x/lucid@0.10.9/src/misc/bip39.ts": "7dc0f49f96d43a254a048a956cac31ef8c8045f69f3b8dbc5350bc6c601441eb",
    "https://deno.land/x/lucid@0.10.9/src/misc/crc8.ts": "c9abda52851d5c575f6a8714c3600d2e63bb8cfc942e035486b1ab03b780e2f9",
    "https://deno.land/x/lucid@0.10.9/src/misc/sign_data.ts": "6f5066d19455ade77615b5cbbf5dd9947ea691a7b764f96c81ba911cc84183e5",
    "https://deno.land/x/lucid@0.10.9/src/misc/wallet.ts": "7a8d63c234f0741dc49d3134554b7c455e24f4692ba42a3843aad7e37bcc7d2b",
    "https://deno.land/x/lucid@0.10.9/src/mod.ts": "f4156883dc0dc394e9fd9e9e7222537a61ff8b2781a88761d7bcb65123a16bcf",
    "https://deno.land/x/lucid@0.10.9/src/plutus/data.ts": "b6eb205124e6f340f47dd789d94d91146b2bf038c6a76b57ede12874b60d5920",
    "https://deno.land/x/lucid@0.10.9/src/plutus/mod.ts": "3a7f784e950348d447cd6bcb27546b20902fae167e04fd42e67bfad57216e1a7",
    "https://deno.land/x/lucid@0.10.9/src/plutus/time.ts": "f142f03f897a6e57625e8c0752bb73397818090871f3cff123ec64311590b6f9",
    "https://deno.land/x/lucid@0.10.9/src/provider/blockfrost.ts": "309658de3e98d89d986587e61c68b3bb607bad96d1a7564279366b7c45b9cf28",
    "https://deno.land/x/lucid@0.10.9/src/provider/emulator.ts": "b3147ff97914a6d035c3899f5129edb8d48217fb2510ccc26010ce72b19a44c0",
    "https://deno.land/x/lucid@0.10.9/src/provider/kupmios.ts": "33975fb8696df647abe561ea06c73316530b470b45363ab7370d24e31299fd1e",
    "https://deno.land/x/lucid@0.10.9/src/provider/maestro.ts": "51436041c9a61e3ec472fdac4ea624c84dc2bbfc041b05bb66189828d5930aaf",
    "https://deno.land/x/lucid@0.10.9/src/provider/mod.ts": "76b36094551556045e851fe0ba6012626e1a08c03dec62a21b69d22311266379",
    "https://deno.land/x/lucid@0.10.9/src/types/global.ts": "3ea23ebcf9af819a01cbcf682856df2b178929ffec362113d24eb4a80a966ac3",
    "https://deno.land/x/lucid@0.10.9/src/types/mod.ts": "2e6e4ffd7077025d1b45af726756455fc9c915666dd7f23a041be058039b49c6",
    "https://deno.land/x/lucid@0.10.9/src/types/types.ts": "6cc2bf94692255f469867dbcf55c79e15bfccdc7ba3a1a8f3c29f98bb889efe4",
    "https://deno.land/x/lucid@0.10.9/src/utils/cost_model.ts": "3bace1c21e7936c41e62aad11754970267d4006e049e837e4ce471efb3809afb",
    "https://deno.land/x/lucid@0.10.9/src/utils/merkle_tree.ts": "af39a9167eb8b083a19a980916c95ab40332e959ef20bc43fdfef69eef08e594",
    "https://deno.land/x/lucid@0.10.9/src/utils/mod.ts": "7e405bfa0db96d9e995e67fb77251e8465843addf141caf4ce64b3efa6077822",
    "https://deno.land/x/lucid@0.10.9/src/utils/utils.ts": "177ec0578b788f947f6afb6cc911c4eae776aaf98b5249412a750b8f366b4d11",
    "https://deno.land/x/lucid@0.9.4/mod.ts": "9473507398048cb24dbb37b3a220777106c69c28d573898648deb2bb84a7e131",
    "https://deno.land/x/lucid@0.9.4/package.json": "895bd79e7b5d00839bfcc25bca031a693d7c88c5dc2638f0e2ca6e9833ca2de1",
    "https://deno.land/x/lucid@0.9.4/src/core/core.ts": "3455a13022e89d54550c31f6177f45d218f0a1d10968171a9ac03b6b3e53a1e3",
    "https://deno.land/x/lucid@0.9.4/src/core/mod.ts": "978b94101791fdad3113e5a9fa3813b1f48a8e505f68da14bcad72668b294926",
    "https://deno.land/x/lucid@0.9.4/src/core/wasm_modules/cardano_message_signing_nodejs/cardano_message_signing.js": "747800f2a5aef81567ecedcbcd34ee1bcd44af22d99ec5701c3b971599aeb548",
    "https://deno.land/x/lucid@0.9.4/src/core/wasm_modules/cardano_message_signing_web/cardano_message_signing.js": "fca45ded85b3db2e5951ddd5a09c304b126db8c9384c731922aacbce260f973b",
    "https://deno.land/x/lucid@0.9.4/src/core/wasm_modules/cardano_multiplatform_lib_nodejs/cardano_multiplatform_lib.js": "6edeecc382b729a11354f6c2d9bcec81d54266c81471d22c3097b76449f25057",
    "https://deno.land/x/lucid@0.9.4/src/core/wasm_modules/cardano_multiplatform_lib_web/cardano_multiplatform_lib.js": "728839e5c2cbe4d5418422a571ca61c8a21a2822a8674f3bdaf791078f53c7f9",
    "https://deno.land/x/lucid@0.9.4/src/lucid/lucid.ts": "f718cd5c8fb16fb042e593f6309485ea559cb60b87f2a1ca01daf6f8e1eb196e",
    "https://deno.land/x/lucid@0.9.4/src/lucid/message.ts": "b16bb7c06cbc81c777ac116d95db32959af42bc093ebe86b65f2dbc28b75f9b2",
    "https://deno.land/x/lucid@0.9.4/src/lucid/mod.ts": "94bfe48ee683e932a67347786a1253a2e7277e53b1dc192d045d70bc5ce9bc10",
    "https://deno.land/x/lucid@0.9.4/src/lucid/tx.ts": "1536bd191c72a3f72b07ba69aa82b8de219215d042313273e896e6c6919a5ad0",
    "https://deno.land/x/lucid@0.9.4/src/lucid/tx_complete.ts": "7dad2313ee35a19152b9717025cc9e3f71c6db63518c59318f5f42cce6fd3787",
    "https://deno.land/x/lucid@0.9.4/src/lucid/tx_signed.ts": "42f6f5f09844f8cf6dc2381935f9edfa54a019fa48530a64af281571ae84abb9",
    "https://deno.land/x/lucid@0.9.4/src/misc/bip39.ts": "7dc0f49f96d43a254a048a956cac31ef8c8045f69f3b8dbc5350bc6c601441eb",
    "https://deno.land/x/lucid@0.9.4/src/misc/crc8.ts": "c9abda52851d5c575f6a8714c3600d2e63bb8cfc942e035486b1ab03b780e2f9",
    "https://deno.land/x/lucid@0.9.4/src/misc/sign_data.ts": "6f5066d19455ade77615b5cbbf5dd9947ea691a7b764f96c81ba911cc84183e5",
    "https://deno.land/x/lucid@0.9.4/src/misc/wallet.ts": "b03ed0282141a4a7a76faad019337ab69be2e7b728c049b0bdc03c9d1f709b65",
    "https://deno.land/x/lucid@0.9.4/src/mod.ts": "f4156883dc0dc394e9fd9e9e7222537a61ff8b2781a88761d7bcb65123a16bcf",
    "https://deno.land/x/lucid@0.9.4/src/plutus/data.ts": "63da0823211a5980664a0fe147f9af69f18c34f60732e36ddf915b6d896b7325",
    "https://deno.land/x/lucid@0.9.4/src/plutus/mod.ts": "3a7f784e950348d447cd6bcb27546b20902fae167e04fd42e67bfad57216e1a7",
    "https://deno.land/x/lucid@0.9.4/src/plutus/time.ts": "f142f03f897a6e57625e8c0752bb73397818090871f3cff123ec64311590b6f9",
    "https://deno.land/x/lucid@0.9.4/src/provider/blockfrost.ts": "0f86f28b5c44595dab6ffde02f62d5f79965c68e0269814ea8153f624fe2915c",
    "https://deno.land/x/lucid@0.9.4/src/provider/emulator.ts": "ecd28f58dd834bc3d6e2d8a320127b94ce9f02240827e5d5f39512e7b0233b32",
    "https://deno.land/x/lucid@0.9.4/src/provider/kupmios.ts": "840adfb1e0cc91a94f6a8c98889839385c75701285dd5e4f47bf2013ad71fa68",
    "https://deno.land/x/lucid@0.9.4/src/provider/mod.ts": "cb3a5afd289694687aa9e021aadbeadfc47f20ee1075ddb518039bfe31c88afa",
    "https://deno.land/x/lucid@0.9.4/src/types/global.ts": "3ea23ebcf9af819a01cbcf682856df2b178929ffec362113d24eb4a80a966ac3",
    "https://deno.land/x/lucid@0.9.4/src/types/mod.ts": "2e6e4ffd7077025d1b45af726756455fc9c915666dd7f23a041be058039b49c6",
    "https://deno.land/x/lucid@0.9.4/src/types/types.ts": "2aebe4b52215b2ca7f5ff7456c3924a079969beb8293dc8b16bbf78e6dc0ec71",
    "https://deno.land/x/lucid@0.9.4/src/utils/cost_model.ts": "b49fdd767144b1cef74ff404dbd78d14cc5ff0906566fa1bb63ac813e8d6fdad",
    "https://deno.land/x/lucid@0.9.4/src/utils/merkle_tree.ts": "af39a9167eb8b083a19a980916c95ab40332e959ef20bc43fdfef69eef08e594",
    "https://deno.land/x/lucid@0.9.4/src/utils/mod.ts": "7e405bfa0db96d9e995e67fb77251e8465843addf141caf4ce64b3efa6077822",
    "https://deno.land/x/lucid@0.9.4/src/utils/utils.ts": "176ef591fdb2403a51e82e29c2d1c530733edcb97dfa69027dddd1931cb0573c",
    "https://deno.land/x/sqlite@v3.7.0/build/sqlite.d.ts": "12908ced1670f96d5dc39aebb0d659630136fa6523881e4712cfb20b122dd324",
    "https://deno.land/x/sqlite@v3.7.0/build/sqlite.js": "cc55fef9cd124b2acb624899a5fad413834f4701bcfc21ac275844b822466292",
    "https://deno.land/x/sqlite@v3.7.0/build/vfs.js": "08533cc78fb29b9d9bd62f6bb93e5ef333407013fed185776808f11223ba0e70",
    "https://deno.land/x/sqlite@v3.7.0/mod.ts": "e09fc79d8065fe222578114b109b1fd60077bff1bb75448532077f784f4d6a83",
    "https://deno.land/x/sqlite@v3.7.0/src/constants.ts": "90f3be047ec0a89bcb5d6fc30db121685fc82cb00b1c476124ff47a4b0472aa9",
    "https://deno.land/x/sqlite@v3.7.0/src/db.ts": "87e3d222d00dd2e2827816a47976c6359996ab39e69c7f87855ea414585839c6",
    "https://deno.land/x/sqlite@v3.7.0/src/error.ts": "f7a15cb00d7c3797da1aefee3cf86d23e0ae92e73f0ba3165496c3816ab9503a",
    "https://deno.land/x/sqlite@v3.7.0/src/function.ts": "e4c83b8ec64bf88bafad2407376b0c6a3b54e777593c70336fb40d43a79865f2",
    "https://deno.land/x/sqlite@v3.7.0/src/query.ts": "69895232360b4254a8834e3bbea30bc3752cf691dba862f4a393e7a41a2e30eb",
    "https://deno.land/x/sqlite@v3.7.0/src/wasm.ts": "e79d0baa6e42423257fb3c7cc98091c54399254867e0f34a09b5bdef37bd9487",
    "https://deno.land/x/typebox@0.25.13/src/typebox.ts": "9b20b62c0bf31f1a9128b6dc6dfd470a5d956a48f0b0ef0a1ccc4d794fb55dcc",
    "https://raw.githubusercontent.com/CardanoSolutions/ogmios/v5.5.7/clients/TypeScript/packages/schema/src/index.ts": "310c60d0f0db17f26d8d983ba6a4fbdcfc5fb09907baee99f01e66d79f5933aa",
    "https://raw.githubusercontent.com/spacebudz/denosync/0.1.2/mod.ts": "9473507398048cb24dbb37b3a220777106c69c28d573898648deb2bb84a7e131",
    "https://raw.githubusercontent.com/spacebudz/denosync/0.1.2/src/client.ts": "ef2fc2dc302d230d11369a86cda8527bc61b1c6ce07cd0e9d734f335c1f0aa05",
    "https://raw.githubusercontent.com/spacebudz/denosync/0.1.2/src/mod.ts": "218b8f0d1cff4cc7b22abdbe960504d8e956b5fb022282e9cf89894dfc5df89f",
    "https://raw.githubusercontent.com/spacebudz/denosync/0.1.2/src/types.ts": "5321afa1f34fe40808a2b9e71c21071815057563dd812be4aa153322a2bced85"
  }
}
