# This file was generated by Aiken
# You typically do not need to edit this file

[[requirements]]
name = "aiken-lang/stdlib"
version = "a188cc7ca78097ae6b23dd45e92b85d3cc7dedcb"
source = "github"

[[packages]]
name = "aiken-lang/stdlib"
version = "a188cc7ca78097ae6b23dd45e92b85d3cc7dedcb"
requirements = []
source = "github"
