{
  "version": "2",
  "remote": {
    "https://deno.land/std@0.100.0/encoding/hex.ts": "f952e0727bddb3b2fd2e6889d104eacbd62e92091f540ebd6459317a61932d9b",
    "https://deno.land/std@0.145.0/fmt/colors.ts": "6f9340b7fb8cc25a993a99e5efc56fe81bb5af284ff412129dd06df06f53c0b4",
    "https://deno.land/std@0.145.0/testing/_diff.ts": "029a00560b0d534bc0046f1bce4bd36b3b41ada3f2a3178c85686eb2ff5f1413",
    "https://deno.land/std@0.145.0/testing/_format.ts": "0d8dc79eab15b67cdc532826213bbe05bccfd276ca473a50a3fc7bbfb7260642",
    "https://deno.land/std@0.145.0/testing/asserts.ts": "319df43e1e6bba2520508f6090a21a9a640cbe2754d255aee17cd1dfa78c2ff6",
    "https://deno.land/std@0.148.0/bytes/equals.ts": "3c3558c3ae85526f84510aa2b48ab2ad7bdd899e2e0f5b7a8ffc85acb3a6043a",
    "https://deno.land/std@0.148.0/bytes/mod.ts": "763f97d33051cc3f28af1a688dfe2830841192a9fea0cbaa55f927b49d49d0bf",
    "https://deno.land/std@0.153.0/hash/sha256.ts": "aa9479c260f41b72c639f36c3e4bc9319940b5d2e52fe793ebe3dc646d12832f",
    "https://deno.land/x/lucid@0.9.3/mod.ts": "9473507398048cb24dbb37b3a220777106c69c28d573898648deb2bb84a7e131",
    "https://deno.land/x/lucid@0.9.3/package.json": "c266e1f3b2e2ed4d43b1e5dfdb83707c248c1063a9460482528f1b928bdd5188",
    "https://deno.land/x/lucid@0.9.3/src/core/core.ts": "3455a13022e89d54550c31f6177f45d218f0a1d10968171a9ac03b6b3e53a1e3",
    "https://deno.land/x/lucid@0.9.3/src/core/mod.ts": "978b94101791fdad3113e5a9fa3813b1f48a8e505f68da14bcad72668b294926",
    "https://deno.land/x/lucid@0.9.3/src/core/wasm_modules/cardano_message_signing_nodejs/cardano_message_signing.js": "747800f2a5aef81567ecedcbcd34ee1bcd44af22d99ec5701c3b971599aeb548",
    "https://deno.land/x/lucid@0.9.3/src/core/wasm_modules/cardano_message_signing_web/cardano_message_signing.js": "fca45ded85b3db2e5951ddd5a09c304b126db8c9384c731922aacbce260f973b",
    "https://deno.land/x/lucid@0.9.3/src/core/wasm_modules/cardano_multiplatform_lib_nodejs/cardano_multiplatform_lib.js": "14e966291b6f4908a9d4c54525847beb163bd60f241fde47400dfa00cf7df298",
    "https://deno.land/x/lucid@0.9.3/src/core/wasm_modules/cardano_multiplatform_lib_web/cardano_multiplatform_lib.js": "62b5646630d2ca5820e5064b624697992f7f873314d3560a58b2cbfe59724ca0",
    "https://deno.land/x/lucid@0.9.3/src/lucid/lucid.ts": "f718cd5c8fb16fb042e593f6309485ea559cb60b87f2a1ca01daf6f8e1eb196e",
    "https://deno.land/x/lucid@0.9.3/src/lucid/message.ts": "b16bb7c06cbc81c777ac116d95db32959af42bc093ebe86b65f2dbc28b75f9b2",
    "https://deno.land/x/lucid@0.9.3/src/lucid/mod.ts": "94bfe48ee683e932a67347786a1253a2e7277e53b1dc192d045d70bc5ce9bc10",
    "https://deno.land/x/lucid@0.9.3/src/lucid/tx.ts": "1536bd191c72a3f72b07ba69aa82b8de219215d042313273e896e6c6919a5ad0",
    "https://deno.land/x/lucid@0.9.3/src/lucid/tx_complete.ts": "7dad2313ee35a19152b9717025cc9e3f71c6db63518c59318f5f42cce6fd3787",
    "https://deno.land/x/lucid@0.9.3/src/lucid/tx_signed.ts": "42f6f5f09844f8cf6dc2381935f9edfa54a019fa48530a64af281571ae84abb9",
    "https://deno.land/x/lucid@0.9.3/src/misc/bip39.ts": "7dc0f49f96d43a254a048a956cac31ef8c8045f69f3b8dbc5350bc6c601441eb",
    "https://deno.land/x/lucid@0.9.3/src/misc/crc8.ts": "c9abda52851d5c575f6a8714c3600d2e63bb8cfc942e035486b1ab03b780e2f9",
    "https://deno.land/x/lucid@0.9.3/src/misc/sign_data.ts": "6f5066d19455ade77615b5cbbf5dd9947ea691a7b764f96c81ba911cc84183e5",
    "https://deno.land/x/lucid@0.9.3/src/misc/wallet.ts": "b03ed0282141a4a7a76faad019337ab69be2e7b728c049b0bdc03c9d1f709b65",
    "https://deno.land/x/lucid@0.9.3/src/mod.ts": "f4156883dc0dc394e9fd9e9e7222537a61ff8b2781a88761d7bcb65123a16bcf",
    "https://deno.land/x/lucid@0.9.3/src/plutus/data.ts": "63da0823211a5980664a0fe147f9af69f18c34f60732e36ddf915b6d896b7325",
    "https://deno.land/x/lucid@0.9.3/src/plutus/mod.ts": "3a7f784e950348d447cd6bcb27546b20902fae167e04fd42e67bfad57216e1a7",
    "https://deno.land/x/lucid@0.9.3/src/plutus/time.ts": "f142f03f897a6e57625e8c0752bb73397818090871f3cff123ec64311590b6f9",
    "https://deno.land/x/lucid@0.9.3/src/provider/blockfrost.ts": "0f86f28b5c44595dab6ffde02f62d5f79965c68e0269814ea8153f624fe2915c",
    "https://deno.land/x/lucid@0.9.3/src/provider/emulator.ts": "ecd28f58dd834bc3d6e2d8a320127b94ce9f02240827e5d5f39512e7b0233b32",
    "https://deno.land/x/lucid@0.9.3/src/provider/kupmios.ts": "840adfb1e0cc91a94f6a8c98889839385c75701285dd5e4f47bf2013ad71fa68",
    "https://deno.land/x/lucid@0.9.3/src/provider/mod.ts": "cb3a5afd289694687aa9e021aadbeadfc47f20ee1075ddb518039bfe31c88afa",
    "https://deno.land/x/lucid@0.9.3/src/types/global.ts": "3ea23ebcf9af819a01cbcf682856df2b178929ffec362113d24eb4a80a966ac3",
    "https://deno.land/x/lucid@0.9.3/src/types/mod.ts": "2e6e4ffd7077025d1b45af726756455fc9c915666dd7f23a041be058039b49c6",
    "https://deno.land/x/lucid@0.9.3/src/types/types.ts": "2aebe4b52215b2ca7f5ff7456c3924a079969beb8293dc8b16bbf78e6dc0ec71",
    "https://deno.land/x/lucid@0.9.3/src/utils/cost_model.ts": "b49fdd767144b1cef74ff404dbd78d14cc5ff0906566fa1bb63ac813e8d6fdad",
    "https://deno.land/x/lucid@0.9.3/src/utils/merkle_tree.ts": "af39a9167eb8b083a19a980916c95ab40332e959ef20bc43fdfef69eef08e594",
    "https://deno.land/x/lucid@0.9.3/src/utils/mod.ts": "7e405bfa0db96d9e995e67fb77251e8465843addf141caf4ce64b3efa6077822",
    "https://deno.land/x/lucid@0.9.3/src/utils/utils.ts": "176ef591fdb2403a51e82e29c2d1c530733edcb97dfa69027dddd1931cb0573c",
    "https://deno.land/x/typebox@0.25.13/src/typebox.ts": "9b20b62c0bf31f1a9128b6dc6dfd470a5d956a48f0b0ef0a1ccc4d794fb55dcc",
    "https://raw.githubusercontent.com/CardanoSolutions/ogmios/v5.5.7/clients/TypeScript/packages/schema/src/index.ts": "310c60d0f0db17f26d8d983ba6a4fbdcfc5fb09907baee99f01e66d79f5933aa",
    "https://raw.githubusercontent.com/spacebudz/denosync/0.1.2/mod.ts": "9473507398048cb24dbb37b3a220777106c69c28d573898648deb2bb84a7e131",
    "https://raw.githubusercontent.com/spacebudz/denosync/0.1.2/src/client.ts": "ef2fc2dc302d230d11369a86cda8527bc61b1c6ce07cd0e9d734f335c1f0aa05",
    "https://raw.githubusercontent.com/spacebudz/denosync/0.1.2/src/mod.ts": "218b8f0d1cff4cc7b22abdbe960504d8e956b5fb022282e9cf89894dfc5df89f",
    "https://raw.githubusercontent.com/spacebudz/denosync/0.1.2/src/types.ts": "5321afa1f34fe40808a2b9e71c21071815057563dd812be4aa153322a2bced85"
  }
}
